PODS:
  - Alamofire (4.4.0)
  - SwiftHTTP (2.0.2)

DEPENDENCIES:
  - Alamofire (~> 4.4)
  - SwiftHTTP (~> 2.0.0)

SPEC CHECKSUMS:
  Alamofire: dc44b1600b800eb63da6a19039a0083d62a6a62d
  SwiftHTTP: faa1a5f7670568ffc9361898229dbe84a6088468

PODFILE CHECKSUM: 0a1fd032c8b7f5cd9bece941b901f2472d302a7e

COCOAPODS: 1.2.0
