// !$*UTF8*$!
{
	archiveVersion = 1;
	classes = {
	};
	objectVersion = 46;
	objects = {

/* Begin PBXBuildFile section */
		131CF9731E82F6CC00E0D240 /* MyAppData.swift in Sources */ = {isa = PBXBuildFile; fileRef = 131CF9721E82F6CC00E0D240 /* MyAppData.swift */; };
		13398D9A1E96720400D05F07 /* movieclip.mov in Resources */ = {isa = PBXBuildFile; fileRef = 13398D991E96720400D05F07 /* movieclip.mov */; };
		1374F86C1E95C83E005E4A2A /* Interface.storyboard in Resources */ = {isa = PBXBuildFile; fileRef = 1374F86A1E95C83E005E4A2A /* Interface.storyboard */; };
		1374F86E1E95C83E005E4A2A /* Assets.xcassets in Resources */ = {isa = PBXBuildFile; fileRef = 1374F86D1E95C83E005E4A2A /* Assets.xcassets */; };
		1374F8751E95C83E005E4A2A /* ambioWatch Extension.appex in Embed App Extensions */ = {isa = PBXBuildFile; fileRef = 1374F8741E95C83E005E4A2A /* ambioWatch Extension.appex */; settings = {ATTRIBUTES = (RemoveHeadersOnCopy, ); }; };
		1374F87C1E95C83E005E4A2A /* InterfaceController.swift in Sources */ = {isa = PBXBuildFile; fileRef = 1374F87B1E95C83E005E4A2A /* InterfaceController.swift */; };
		1374F87E1E95C83E005E4A2A /* ExtensionDelegate.swift in Sources */ = {isa = PBXBuildFile; fileRef = 1374F87D1E95C83E005E4A2A /* ExtensionDelegate.swift */; };
		1374F8801E95C83E005E4A2A /* NotificationController.swift in Sources */ = {isa = PBXBuildFile; fileRef = 1374F87F1E95C83E005E4A2A /* NotificationController.swift */; };
		1374F8821E95C83E005E4A2A /* Assets.xcassets in Resources */ = {isa = PBXBuildFile; fileRef = 1374F8811E95C83E005E4A2A /* Assets.xcassets */; };
		1374F8861E95C83E005E4A2A /* ambioWatch.app in Embed Watch Content */ = {isa = PBXBuildFile; fileRef = 1374F8681E95C83E005E4A2A /* ambioWatch.app */; };
		13B2EC451E5DEF2700E6CDC7 /* AppDelegate.swift in Sources */ = {isa = PBXBuildFile; fileRef = 13B2EC441E5DEF2700E6CDC7 /* AppDelegate.swift */; };
		13B2EC471E5DEF2700E6CDC7 /* ViewController.swift in Sources */ = {isa = PBXBuildFile; fileRef = 13B2EC461E5DEF2700E6CDC7 /* ViewController.swift */; };
		13B2EC4A1E5DEF2700E6CDC7 /* Main.storyboard in Resources */ = {isa = PBXBuildFile; fileRef = 13B2EC481E5DEF2700E6CDC7 /* Main.storyboard */; };
		13B2EC4C1E5DEF2700E6CDC7 /* Assets.xcassets in Resources */ = {isa = PBXBuildFile; fileRef = 13B2EC4B1E5DEF2700E6CDC7 /* Assets.xcassets */; };
		13B2EC4F1E5DEF2700E6CDC7 /* LaunchScreen.storyboard in Resources */ = {isa = PBXBuildFile; fileRef = 13B2EC4D1E5DEF2700E6CDC7 /* LaunchScreen.storyboard */; };
		13B2EC5A1E5DF01D00E6CDC7 /* RecordViewController.swift in Sources */ = {isa = PBXBuildFile; fileRef = 13B2EC581E5DF01D00E6CDC7 /* RecordViewController.swift */; };
		13B2EC5B1E5DF01D00E6CDC7 /* RecordViewController.xib in Resources */ = {isa = PBXBuildFile; fileRef = 13B2EC591E5DF01D00E6CDC7 /* RecordViewController.xib */; };
		7318D5B4372814DDB4D8EC86 /* Pods_ambio.framework in Frameworks */ = {isa = PBXBuildFile; fileRef = 45E90A5B24F39B6E00970398 /* Pods_ambio.framework */; };
/* End PBXBuildFile section */

/* Begin PBXContainerItemProxy section */
		1374F8761E95C83E005E4A2A /* PBXContainerItemProxy */ = {
			isa = PBXContainerItemProxy;
			containerPortal = 13B2EC391E5DEF2700E6CDC7 /* Project object */;
			proxyType = 1;
			remoteGlobalIDString = 1374F8731E95C83E005E4A2A;
			remoteInfo = "ambioWatch Extension";
		};
		1374F8841E95C83E005E4A2A /* PBXContainerItemProxy */ = {
			isa = PBXContainerItemProxy;
			containerPortal = 13B2EC391E5DEF2700E6CDC7 /* Project object */;
			proxyType = 1;
			remoteGlobalIDString = 1374F8671E95C83E005E4A2A;
			remoteInfo = ambioWatch;
		};
/* End PBXContainerItemProxy section */

/* Begin PBXCopyFilesBuildPhase section */
		1374F88C1E95C83E005E4A2A /* Embed App Extensions */ = {
			isa = PBXCopyFilesBuildPhase;
			buildActionMask = 2147483647;
			dstPath = "";
			dstSubfolderSpec = 13;
			files = (
				1374F8751E95C83E005E4A2A /* ambioWatch Extension.appex in Embed App Extensions */,
			);
			name = "Embed App Extensions";
			runOnlyForDeploymentPostprocessing = 0;
		};
		1374F88E1E95C83E005E4A2A /* Embed Watch Content */ = {
			isa = PBXCopyFilesBuildPhase;
			buildActionMask = 2147483647;
			dstPath = "$(CONTENTS_FOLDER_PATH)/Watch";
			dstSubfolderSpec = 16;
			files = (
				1374F8861E95C83E005E4A2A /* ambioWatch.app in Embed Watch Content */,
			);
			name = "Embed Watch Content";
			runOnlyForDeploymentPostprocessing = 0;
		};
/* End PBXCopyFilesBuildPhase section */

/* Begin PBXFileReference section */
		131CF9721E82F6CC00E0D240 /* MyAppData.swift */ = {isa = PBXFileReference; fileEncoding = 4; lastKnownFileType = sourcecode.swift; path = MyAppData.swift; sourceTree = "<group>"; };
		13398D991E96720400D05F07 /* movieclip.mov */ = {isa = PBXFileReference; lastKnownFileType = video.quicktime; path = movieclip.mov; sourceTree = "<group>"; };
		1374F8681E95C83E005E4A2A /* ambioWatch.app */ = {isa = PBXFileReference; explicitFileType = wrapper.application; includeInIndex = 0; path = ambioWatch.app; sourceTree = BUILT_PRODUCTS_DIR; };
		1374F86B1E95C83E005E4A2A /* Base */ = {isa = PBXFileReference; lastKnownFileType = file.storyboard; name = Base; path = Base.lproj/Interface.storyboard; sourceTree = "<group>"; };
		1374F86D1E95C83E005E4A2A /* Assets.xcassets */ = {isa = PBXFileReference; lastKnownFileType = folder.assetcatalog; path = Assets.xcassets; sourceTree = "<group>"; };
		1374F86F1E95C83E005E4A2A /* Info.plist */ = {isa = PBXFileReference; lastKnownFileType = text.plist.xml; path = Info.plist; sourceTree = "<group>"; };
		1374F8741E95C83E005E4A2A /* ambioWatch Extension.appex */ = {isa = PBXFileReference; explicitFileType = "wrapper.app-extension"; includeInIndex = 0; path = "ambioWatch Extension.appex"; sourceTree = BUILT_PRODUCTS_DIR; };
		1374F87A1E95C83E005E4A2A /* PushNotificationPayload.apns */ = {isa = PBXFileReference; lastKnownFileType = text; path = PushNotificationPayload.apns; sourceTree = "<group>"; };
		1374F87B1E95C83E005E4A2A /* InterfaceController.swift */ = {isa = PBXFileReference; lastKnownFileType = sourcecode.swift; path = InterfaceController.swift; sourceTree = "<group>"; };
		1374F87D1E95C83E005E4A2A /* ExtensionDelegate.swift */ = {isa = PBXFileReference; lastKnownFileType = sourcecode.swift; path = ExtensionDelegate.swift; sourceTree = "<group>"; };
		1374F87F1E95C83E005E4A2A /* NotificationController.swift */ = {isa = PBXFileReference; lastKnownFileType = sourcecode.swift; path = NotificationController.swift; sourceTree = "<group>"; };
		1374F8811E95C83E005E4A2A /* Assets.xcassets */ = {isa = PBXFileReference; lastKnownFileType = folder.assetcatalog; path = Assets.xcassets; sourceTree = "<group>"; };
		1374F8831E95C83E005E4A2A /* Info.plist */ = {isa = PBXFileReference; lastKnownFileType = text.plist.xml; path = Info.plist; sourceTree = "<group>"; };
		13B2EC411E5DEF2700E6CDC7 /* ambio.app */ = {isa = PBXFileReference; explicitFileType = wrapper.application; includeInIndex = 0; path = ambio.app; sourceTree = BUILT_PRODUCTS_DIR; };
		13B2EC441E5DEF2700E6CDC7 /* AppDelegate.swift */ = {isa = PBXFileReference; lastKnownFileType = sourcecode.swift; path = AppDelegate.swift; sourceTree = "<group>"; };
		13B2EC461E5DEF2700E6CDC7 /* ViewController.swift */ = {isa = PBXFileReference; lastKnownFileType = sourcecode.swift; path = ViewController.swift; sourceTree = "<group>"; };
		13B2EC491E5DEF2700E6CDC7 /* Base */ = {isa = PBXFileReference; lastKnownFileType = file.storyboard; name = Base; path = Base.lproj/Main.storyboard; sourceTree = "<group>"; };
		13B2EC4B1E5DEF2700E6CDC7 /* Assets.xcassets */ = {isa = PBXFileReference; lastKnownFileType = folder.assetcatalog; path = Assets.xcassets; sourceTree = "<group>"; };
		13B2EC4E1E5DEF2700E6CDC7 /* Base */ = {isa = PBXFileReference; lastKnownFileType = file.storyboard; name = Base; path = Base.lproj/LaunchScreen.storyboard; sourceTree = "<group>"; };
		13B2EC501E5DEF2700E6CDC7 /* Info.plist */ = {isa = PBXFileReference; lastKnownFileType = text.plist.xml; path = Info.plist; sourceTree = "<group>"; };
		13B2EC581E5DF01D00E6CDC7 /* RecordViewController.swift */ = {isa = PBXFileReference; fileEncoding = 4; lastKnownFileType = sourcecode.swift; name = RecordViewController.swift; path = ../RecordViewController.swift; sourceTree = "<group>"; };
		13B2EC591E5DF01D00E6CDC7 /* RecordViewController.xib */ = {isa = PBXFileReference; fileEncoding = 4; lastKnownFileType = file.xib; name = RecordViewController.xib; path = ../RecordViewController.xib; sourceTree = "<group>"; };
		45E90A5B24F39B6E00970398 /* Pods_ambio.framework */ = {isa = PBXFileReference; explicitFileType = wrapper.framework; includeInIndex = 0; path = Pods_ambio.framework; sourceTree = BUILT_PRODUCTS_DIR; };
		7442E1865041C5AD583571CC /* Pods-ambio.debug.xcconfig */ = {isa = PBXFileReference; includeInIndex = 1; lastKnownFileType = text.xcconfig; name = "Pods-ambio.debug.xcconfig"; path = "Pods/Target Support Files/Pods-ambio/Pods-ambio.debug.xcconfig"; sourceTree = "<group>"; };
		C4E00306F4256531E4A2A505 /* Pods-ambio.release.xcconfig */ = {isa = PBXFileReference; includeInIndex = 1; lastKnownFileType = text.xcconfig; name = "Pods-ambio.release.xcconfig"; path = "Pods/Target Support Files/Pods-ambio/Pods-ambio.release.xcconfig"; sourceTree = "<group>"; };
/* End PBXFileReference section */

/* Begin PBXFrameworksBuildPhase section */
		1374F8711E95C83E005E4A2A /* Frameworks */ = {
			isa = PBXFrameworksBuildPhase;
			buildActionMask = 2147483647;
			files = (
			);
			runOnlyForDeploymentPostprocessing = 0;
		};
		13B2EC3E1E5DEF2700E6CDC7 /* Frameworks */ = {
			isa = PBXFrameworksBuildPhase;
			buildActionMask = 2147483647;
			files = (
				7318D5B4372814DDB4D8EC86 /* Pods_ambio.framework in Frameworks */,
			);
			runOnlyForDeploymentPostprocessing = 0;
		};
/* End PBXFrameworksBuildPhase section */

/* Begin PBXGroup section */
		131CF9711E82F6BC00E0D240 /* lib */ = {
			isa = PBXGroup;
			children = (
				131CF9721E82F6CC00E0D240 /* MyAppData.swift */,
			);
			name = lib;
			sourceTree = "<group>";
		};
		132FA9B01E82EC7B0067EE2F /* vc */ = {
			isa = PBXGroup;
			children = (
				13B2EC581E5DF01D00E6CDC7 /* RecordViewController.swift */,
				13B2EC461E5DEF2700E6CDC7 /* ViewController.swift */,
				13B2EC591E5DF01D00E6CDC7 /* RecordViewController.xib */,
			);
			name = vc;
			sourceTree = "<group>";
		};
		132FA9B11E82EC840067EE2F /* extensions */ = {
			isa = PBXGroup;
			children = (
			);
			name = extensions;
			sourceTree = "<group>";
		};
		1374F8691E95C83E005E4A2A /* ambioWatch */ = {
			isa = PBXGroup;
			children = (
				1374F86A1E95C83E005E4A2A /* Interface.storyboard */,
				1374F86D1E95C83E005E4A2A /* Assets.xcassets */,
				1374F86F1E95C83E005E4A2A /* Info.plist */,
			);
			path = ambioWatch;
			sourceTree = "<group>";
		};
		1374F8781E95C83E005E4A2A /* ambioWatch Extension */ = {
			isa = PBXGroup;
			children = (
				1374F87B1E95C83E005E4A2A /* InterfaceController.swift */,
				1374F87D1E95C83E005E4A2A /* ExtensionDelegate.swift */,
				1374F87F1E95C83E005E4A2A /* NotificationController.swift */,
				13398D991E96720400D05F07 /* movieclip.mov */,
				1374F8811E95C83E005E4A2A /* Assets.xcassets */,
				1374F8831E95C83E005E4A2A /* Info.plist */,
				1374F8791E95C83E005E4A2A /* Supporting Files */,
			);
			path = "ambioWatch Extension";
			sourceTree = "<group>";
		};
		1374F8791E95C83E005E4A2A /* Supporting Files */ = {
			isa = PBXGroup;
			children = (
				1374F87A1E95C83E005E4A2A /* PushNotificationPayload.apns */,
			);
			name = "Supporting Files";
			sourceTree = "<group>";
		};
		13B2EC381E5DEF2700E6CDC7 = {
			isa = PBXGroup;
			children = (
				13B2EC431E5DEF2700E6CDC7 /* ambio */,
				1374F8691E95C83E005E4A2A /* ambioWatch */,
				1374F8781E95C83E005E4A2A /* ambioWatch Extension */,
				13B2EC421E5DEF2700E6CDC7 /* Products */,
				6590EE0BEE593CBB7481FFAB /* Pods */,
				C629064C58EEF21A4BC25956 /* Frameworks */,
			);
			sourceTree = "<group>";
		};
		13B2EC421E5DEF2700E6CDC7 /* Products */ = {
			isa = PBXGroup;
			children = (
				13B2EC411E5DEF2700E6CDC7 /* ambio.app */,
				1374F8681E95C83E005E4A2A /* ambioWatch.app */,
				1374F8741E95C83E005E4A2A /* ambioWatch Extension.appex */,
			);
			name = Products;
			sourceTree = "<group>";
		};
		13B2EC431E5DEF2700E6CDC7 /* ambio */ = {
			isa = PBXGroup;
			children = (
				131CF9711E82F6BC00E0D240 /* lib */,
				132FA9B11E82EC840067EE2F /* extensions */,
				132FA9B01E82EC7B0067EE2F /* vc */,
				13B2EC441E5DEF2700E6CDC7 /* AppDelegate.swift */,
				13B2EC481E5DEF2700E6CDC7 /* Main.storyboard */,
				13B2EC4B1E5DEF2700E6CDC7 /* Assets.xcassets */,
				13B2EC4D1E5DEF2700E6CDC7 /* LaunchScreen.storyboard */,
				13B2EC501E5DEF2700E6CDC7 /* Info.plist */,
			);
			path = ambio;
			sourceTree = "<group>";
		};
		6590EE0BEE593CBB7481FFAB /* Pods */ = {
			isa = PBXGroup;
			children = (
				7442E1865041C5AD583571CC /* Pods-ambio.debug.xcconfig */,
				C4E00306F4256531E4A2A505 /* Pods-ambio.release.xcconfig */,
			);
			name = Pods;
			sourceTree = "<group>";
		};
		C629064C58EEF21A4BC25956 /* Frameworks */ = {
			isa = PBXGroup;
			children = (
				45E90A5B24F39B6E00970398 /* Pods_ambio.framework */,
			);
			name = Frameworks;
			sourceTree = "<group>";
		};
/* End PBXGroup section */

/* Begin PBXNativeTarget section */
		1374F8671E95C83E005E4A2A /* ambioWatch */ = {
			isa = PBXNativeTarget;
			buildConfigurationList = 1374F88D1E95C83E005E4A2A /* Build configuration list for PBXNativeTarget "ambioWatch" */;
			buildPhases = (
				1374F8661E95C83E005E4A2A /* Resources */,
				1374F88C1E95C83E005E4A2A /* Embed App Extensions */,
			);
			buildRules = (
			);
			dependencies = (
				1374F8771E95C83E005E4A2A /* PBXTargetDependency */,
			);
			name = ambioWatch;
			productName = ambioWatch;
			productReference = 1374F8681E95C83E005E4A2A /* ambioWatch.app */;
			productType = "com.apple.product-type.application.watchapp2";
		};
		1374F8731E95C83E005E4A2A /* ambioWatch Extension */ = {
			isa = PBXNativeTarget;
			buildConfigurationList = 1374F88B1E95C83E005E4A2A /* Build configuration list for PBXNativeTarget "ambioWatch Extension" */;
			buildPhases = (
				1374F8701E95C83E005E4A2A /* Sources */,
				1374F8711E95C83E005E4A2A /* Frameworks */,
				1374F8721E95C83E005E4A2A /* Resources */,
			);
			buildRules = (
			);
			dependencies = (
			);
			name = "ambioWatch Extension";
			productName = "ambioWatch Extension";
			productReference = 1374F8741E95C83E005E4A2A /* ambioWatch Extension.appex */;
			productType = "com.apple.product-type.watchkit2-extension";
		};
		13B2EC401E5DEF2700E6CDC7 /* ambio */ = {
			isa = PBXNativeTarget;
			buildConfigurationList = 13B2EC531E5DEF2700E6CDC7 /* Build configuration list for PBXNativeTarget "ambio" */;
			buildPhases = (
				7EF048A1C903F4551DB0A110 /* [CP] Check Pods Manifest.lock */,
				13B2EC3D1E5DEF2700E6CDC7 /* Sources */,
				13B2EC3E1E5DEF2700E6CDC7 /* Frameworks */,
				13B2EC3F1E5DEF2700E6CDC7 /* Resources */,
				969BADCE92B76F7167F60DF7 /* [CP] Embed Pods Frameworks */,
				7CFC1F4DD06E976BB3B2A5D3 /* [CP] Copy Pods Resources */,
				1374F88E1E95C83E005E4A2A /* Embed Watch Content */,
			);
			buildRules = (
			);
			dependencies = (
				1374F8851E95C83E005E4A2A /* PBXTargetDependency */,
			);
			name = ambio;
			productName = ambio;
			productReference = 13B2EC411E5DEF2700E6CDC7 /* ambio.app */;
			productType = "com.apple.product-type.application";
		};
/* End PBXNativeTarget section */

/* Begin PBXProject section */
		13B2EC391E5DEF2700E6CDC7 /* Project object */ = {
			isa = PBXProject;
			attributes = {
				LastSwiftUpdateCheck = 0830;
				LastUpgradeCheck = 0820;
				ORGANIZATIONNAME = "Conner Hasbrouck";
				TargetAttributes = {
					1374F8671E95C83E005E4A2A = {
						CreatedOnToolsVersion = 8.3;
						DevelopmentTeam = 9Z9L4R4J82;
						ProvisioningStyle = Automatic;
					};
					1374F8731E95C83E005E4A2A = {
						CreatedOnToolsVersion = 8.3;
						DevelopmentTeam = 9Z9L4R4J82;
						ProvisioningStyle = Automatic;
					};
					13B2EC401E5DEF2700E6CDC7 = {
						CreatedOnToolsVersion = 8.2.1;
						DevelopmentTeam = 9Z9L4R4J82;
						ProvisioningStyle = Automatic;
					};
				};
			};
			buildConfigurationList = 13B2EC3C1E5DEF2700E6CDC7 /* Build configuration list for PBXProject "ambio" */;
			compatibilityVersion = "Xcode 3.2";
			developmentRegion = English;
			hasScannedForEncodings = 0;
			knownRegions = (
				en,
				Base,
			);
			mainGroup = 13B2EC381E5DEF2700E6CDC7;
			productRefGroup = 13B2EC421E5DEF2700E6CDC7 /* Products */;
			projectDirPath = "";
			projectRoot = "";
			targets = (
				13B2EC401E5DEF2700E6CDC7 /* ambio */,
				1374F8671E95C83E005E4A2A /* ambioWatch */,
				1374F8731E95C83E005E4A2A /* ambioWatch Extension */,
			);
		};
/* End PBXProject section */

/* Begin PBXResourcesBuildPhase section */
		1374F8661E95C83E005E4A2A /* Resources */ = {
			isa = PBXResourcesBuildPhase;
			buildActionMask = 2147483647;
			files = (
				1374F86E1E95C83E005E4A2A /* Assets.xcassets in Resources */,
				1374F86C1E95C83E005E4A2A /* Interface.storyboard in Resources */,
			);
			runOnlyForDeploymentPostprocessing = 0;
		};
		1374F8721E95C83E005E4A2A /* Resources */ = {
			isa = PBXResourcesBuildPhase;
			buildActionMask = 2147483647;
			files = (
				1374F8821E95C83E005E4A2A /* Assets.xcassets in Resources */,
				13398D9A1E96720400D05F07 /* movieclip.mov in Resources */,
			);
			runOnlyForDeploymentPostprocessing = 0;
		};
		13B2EC3F1E5DEF2700E6CDC7 /* Resources */ = {
			isa = PBXResourcesBuildPhase;
			buildActionMask = 2147483647;
			files = (
				13B2EC4F1E5DEF2700E6CDC7 /* LaunchScreen.storyboard in Resources */,
				13B2EC4C1E5DEF2700E6CDC7 /* Assets.xcassets in Resources */,
				13B2EC5B1E5DF01D00E6CDC7 /* RecordViewController.xib in Resources */,
				13B2EC4A1E5DEF2700E6CDC7 /* Main.storyboard in Resources */,
			);
			runOnlyForDeploymentPostprocessing = 0;
		};
/* End PBXResourcesBuildPhase section */

/* Begin PBXShellScriptBuildPhase section */
		7CFC1F4DD06E976BB3B2A5D3 /* [CP] Copy Pods Resources */ = {
			isa = PBXShellScriptBuildPhase;
			buildActionMask = 2147483647;
			files = (
			);
			inputPaths = (
			);
			name = "[CP] Copy Pods Resources";
			outputPaths = (
			);
			runOnlyForDeploymentPostprocessing = 0;
			shellPath = /bin/sh;
			shellScript = "\"${SRCROOT}/Pods/Target Support Files/Pods-ambio/Pods-ambio-resources.sh\"\n";
			showEnvVarsInLog = 0;
		};
		7EF048A1C903F4551DB0A110 /* [CP] Check Pods Manifest.lock */ = {
			isa = PBXShellScriptBuildPhase;
			buildActionMask = 2147483647;
			files = (
			);
			inputPaths = (
			);
			name = "[CP] Check Pods Manifest.lock";
			outputPaths = (
			);
			runOnlyForDeploymentPostprocessing = 0;
			shellPath = /bin/sh;
			shellScript = "diff \"${PODS_ROOT}/../Podfile.lock\" \"${PODS_ROOT}/Manifest.lock\" > /dev/null\nif [ $? != 0 ] ; then\n    # print error to STDERR\n    echo \"error: The sandbox is not in sync with the Podfile.lock. Run 'pod install' or update your CocoaPods installation.\" >&2\n    exit 1\nfi\n";
			showEnvVarsInLog = 0;
		};
		969BADCE92B76F7167F60DF7 /* [CP] Embed Pods Frameworks */ = {
			isa = PBXShellScriptBuildPhase;
			buildActionMask = 2147483647;
			files = (
			);
			inputPaths = (
			);
			name = "[CP] Embed Pods Frameworks";
			outputPaths = (
			);
			runOnlyForDeploymentPostprocessing = 0;
			shellPath = /bin/sh;
			shellScript = "\"${SRCROOT}/Pods/Target Support Files/Pods-ambio/Pods-ambio-frameworks.sh\"\n";
			showEnvVarsInLog = 0;
		};
/* End PBXShellScriptBuildPhase section */

/* Begin PBXSourcesBuildPhase section */
		1374F8701E95C83E005E4A2A /* Sources */ = {
			isa = PBXSourcesBuildPhase;
			buildActionMask = 2147483647;
			files = (
				1374F8801E95C83E005E4A2A /* NotificationController.swift in Sources */,
				1374F87E1E95C83E005E4A2A /* ExtensionDelegate.swift in Sources */,
				1374F87C1E95C83E005E4A2A /* InterfaceController.swift in Sources */,
			);
			runOnlyForDeploymentPostprocessing = 0;
		};
		13B2EC3D1E5DEF2700E6CDC7 /* Sources */ = {
			isa = PBXSourcesBuildPhase;
			buildActionMask = 2147483647;
			files = (
				13B2EC471E5DEF2700E6CDC7 /* ViewController.swift in Sources */,
				13B2EC451E5DEF2700E6CDC7 /* AppDelegate.swift in Sources */,
				13B2EC5A1E5DF01D00E6CDC7 /* RecordViewController.swift in Sources */,
				131CF9731E82F6CC00E0D240 /* MyAppData.swift in Sources */,
			);
			runOnlyForDeploymentPostprocessing = 0;
		};
/* End PBXSourcesBuildPhase section */

/* Begin PBXTargetDependency section */
		1374F8771E95C83E005E4A2A /* PBXTargetDependency */ = {
			isa = PBXTargetDependency;
			target = 1374F8731E95C83E005E4A2A /* ambioWatch Extension */;
			targetProxy = 1374F8761E95C83E005E4A2A /* PBXContainerItemProxy */;
		};
		1374F8851E95C83E005E4A2A /* PBXTargetDependency */ = {
			isa = PBXTargetDependency;
			target = 1374F8671E95C83E005E4A2A /* ambioWatch */;
			targetProxy = 1374F8841E95C83E005E4A2A /* PBXContainerItemProxy */;
		};
/* End PBXTargetDependency section */

/* Begin PBXVariantGroup section */
		1374F86A1E95C83E005E4A2A /* Interface.storyboard */ = {
			isa = PBXVariantGroup;
			children = (
				1374F86B1E95C83E005E4A2A /* Base */,
			);
			name = Interface.storyboard;
			sourceTree = "<group>";
		};
		13B2EC481E5DEF2700E6CDC7 /* Main.storyboard */ = {
			isa = PBXVariantGroup;
			children = (
				13B2EC491E5DEF2700E6CDC7 /* Base */,
			);
			name = Main.storyboard;
			sourceTree = "<group>";
		};
		13B2EC4D1E5DEF2700E6CDC7 /* LaunchScreen.storyboard */ = {
			isa = PBXVariantGroup;
			children = (
				13B2EC4E1E5DEF2700E6CDC7 /* Base */,
			);
			name = LaunchScreen.storyboard;
			sourceTree = "<group>";
		};
/* End PBXVariantGroup section */

/* Begin XCBuildConfiguration section */
		1374F8871E95C83E005E4A2A /* Debug */ = {
			isa = XCBuildConfiguration;
			buildSettings = {
				ALWAYS_EMBED_SWIFT_STANDARD_LIBRARIES = YES;
				ASSETCATALOG_COMPILER_APPICON_NAME = AppIcon;
				CLANG_ANALYZER_NUMBER_OBJECT_CONVERSION = YES_AGGRESSIVE;
				DEVELOPMENT_TEAM = 9Z9L4R4J82;
				IBSC_MODULE = ambioWatch_Extension;
				INFOPLIST_FILE = ambioWatch/Info.plist;
				PRODUCT_BUNDLE_IDENTIFIER = io.chasbrouck.ambio.watchkitapp;
				PRODUCT_NAME = "$(TARGET_NAME)";
				SDKROOT = watchos;
				SKIP_INSTALL = YES;
				SWIFT_VERSION = 3.0;
				TARGETED_DEVICE_FAMILY = 4;
				WATCHOS_DEPLOYMENT_TARGET = 3.2;
			};
			name = Debug;
		};
		1374F8881E95C83E005E4A2A /* Release */ = {
			isa = XCBuildConfiguration;
			buildSettings = {
				ALWAYS_EMBED_SWIFT_STANDARD_LIBRARIES = YES;
				ASSETCATALOG_COMPILER_APPICON_NAME = AppIcon;
				CLANG_ANALYZER_NUMBER_OBJECT_CONVERSION = YES_AGGRESSIVE;
				DEVELOPMENT_TEAM = 9Z9L4R4J82;
				IBSC_MODULE = ambioWatch_Extension;
				INFOPLIST_FILE = ambioWatch/Info.plist;
				PRODUCT_BUNDLE_IDENTIFIER = io.chasbrouck.ambio.watchkitapp;
				PRODUCT_NAME = "$(TARGET_NAME)";
				SDKROOT = watchos;
				SKIP_INSTALL = YES;
				SWIFT_VERSION = 3.0;
				TARGETED_DEVICE_FAMILY = 4;
				WATCHOS_DEPLOYMENT_TARGET = 3.2;
			};
			name = Release;
		};
		1374F8891E95C83E005E4A2A /* Debug */ = {
			isa = XCBuildConfiguration;
			buildSettings = {
				ASSETCATALOG_COMPILER_COMPLICATION_NAME = Complication;
				CLANG_ANALYZER_NUMBER_OBJECT_CONVERSION = YES_AGGRESSIVE;
				DEVELOPMENT_TEAM = 9Z9L4R4J82;
				INFOPLIST_FILE = "ambioWatch Extension/Info.plist";
				LD_RUNPATH_SEARCH_PATHS = "$(inherited) @executable_path/Frameworks @executable_path/../../Frameworks";
				PRODUCT_BUNDLE_IDENTIFIER = io.chasbrouck.ambio.watchkitapp.watchkitextension;
				PRODUCT_NAME = "${TARGET_NAME}";
				SDKROOT = watchos;
				SKIP_INSTALL = YES;
				SWIFT_VERSION = 3.0;
				TARGETED_DEVICE_FAMILY = 4;
				WATCHOS_DEPLOYMENT_TARGET = 3.2;
			};
			name = Debug;
		};
		1374F88A1E95C83E005E4A2A /* Release */ = {
			isa = XCBuildConfiguration;
			buildSettings = {
				ASSETCATALOG_COMPILER_COMPLICATION_NAME = Complication;
				CLANG_ANALYZER_NUMBER_OBJECT_CONVERSION = YES_AGGRESSIVE;
				DEVELOPMENT_TEAM = 9Z9L4R4J82;
				INFOPLIST_FILE = "ambioWatch Extension/Info.plist";
				LD_RUNPATH_SEARCH_PATHS = "$(inherited) @executable_path/Frameworks @executable_path/../../Frameworks";
				PRODUCT_BUNDLE_IDENTIFIER = io.chasbrouck.ambio.watchkitapp.watchkitextension;
				PRODUCT_NAME = "${TARGET_NAME}";
				SDKROOT = watchos;
				SKIP_INSTALL = YES;
				SWIFT_VERSION = 3.0;
				TARGETED_DEVICE_FAMILY = 4;
				WATCHOS_DEPLOYMENT_TARGET = 3.2;
			};
			name = Release;
		};
		13B2EC511E5DEF2700E6CDC7 /* Debug */ = {
			isa = XCBuildConfiguration;
			buildSettings = {
				ALWAYS_SEARCH_USER_PATHS = NO;
				CLANG_ANALYZER_NONNULL = YES;
				CLANG_CXX_LANGUAGE_STANDARD = "gnu++0x";
				CLANG_CXX_LIBRARY = "libc++";
				CLANG_ENABLE_MODULES = YES;
				CLANG_ENABLE_OBJC_ARC = YES;
				CLANG_WARN_BOOL_CONVERSION = YES;
				CLANG_WARN_CONSTANT_CONVERSION = YES;
				CLANG_WARN_DIRECT_OBJC_ISA_USAGE = YES_ERROR;
				CLANG_WARN_DOCUMENTATION_COMMENTS = YES;
				CLANG_WARN_EMPTY_BODY = YES;
				CLANG_WARN_ENUM_CONVERSION = YES;
				CLANG_WARN_INFINITE_RECURSION = YES;
				CLANG_WARN_INT_CONVERSION = YES;
				CLANG_WARN_OBJC_ROOT_CLASS = YES_ERROR;
				CLANG_WARN_SUSPICIOUS_MOVE = YES;
				CLANG_WARN_UNREACHABLE_CODE = YES;
				CLANG_WARN__DUPLICATE_METHOD_MATCH = YES;
				"CODE_SIGN_IDENTITY[sdk=iphoneos*]" = "iPhone Developer";
				COPY_PHASE_STRIP = NO;
				DEBUG_INFORMATION_FORMAT = dwarf;
				ENABLE_STRICT_OBJC_MSGSEND = YES;
				ENABLE_TESTABILITY = YES;
				GCC_C_LANGUAGE_STANDARD = gnu99;
				GCC_DYNAMIC_NO_PIC = NO;
				GCC_NO_COMMON_BLOCKS = YES;
				GCC_OPTIMIZATION_LEVEL = 0;
				GCC_PREPROCESSOR_DEFINITIONS = (
					"DEBUG=1",
					"$(inherited)",
				);
				GCC_WARN_64_TO_32_BIT_CONVERSION = YES;
				GCC_WARN_ABOUT_RETURN_TYPE = YES_ERROR;
				GCC_WARN_UNDECLARED_SELECTOR = YES;
				GCC_WARN_UNINITIALIZED_AUTOS = YES_AGGRESSIVE;
				GCC_WARN_UNUSED_FUNCTION = YES;
				GCC_WARN_UNUSED_VARIABLE = YES;
				IPHONEOS_DEPLOYMENT_TARGET = 10.2;
				MTL_ENABLE_DEBUG_INFO = YES;
				ONLY_ACTIVE_ARCH = YES;
				SDKROOT = iphoneos;
				SWIFT_ACTIVE_COMPILATION_CONDITIONS = DEBUG;
				SWIFT_OPTIMIZATION_LEVEL = "-Onone";
			};
			name = Debug;
		};
		13B2EC521E5DEF2700E6CDC7 /* Release */ = {
			isa = XCBuildConfiguration;
			buildSettings = {
				ALWAYS_SEARCH_USER_PATHS = NO;
				CLANG_ANALYZER_NONNULL = YES;
				CLANG_CXX_LANGUAGE_STANDARD = "gnu++0x";
				CLANG_CXX_LIBRARY = "libc++";
				CLANG_ENABLE_MODULES = YES;
				CLANG_ENABLE_OBJC_ARC = YES;
				CLANG_WARN_BOOL_CONVERSION = YES;
				CLANG_WARN_CONSTANT_CONVERSION = YES;
				CLANG_WARN_DIRECT_OBJC_ISA_USAGE = YES_ERROR;
				CLANG_WARN_DOCUMENTATION_COMMENTS = YES;
				CLANG_WARN_EMPTY_BODY = YES;
				CLANG_WARN_ENUM_CONVERSION = YES;
				CLANG_WARN_INFINITE_RECURSION = YES;
				CLANG_WARN_INT_CONVERSION = YES;
				CLANG_WARN_OBJC_ROOT_CLASS = YES_ERROR;
				CLANG_WARN_SUSPICIOUS_MOVE = YES;
				CLANG_WARN_UNREACHABLE_CODE = YES;
				CLANG_WARN__DUPLICATE_METHOD_MATCH = YES;
				"CODE_SIGN_IDENTITY[sdk=iphoneos*]" = "iPhone Developer";
				COPY_PHASE_STRIP = NO;
				DEBUG_INFORMATION_FORMAT = "dwarf-with-dsym";
				ENABLE_NS_ASSERTIONS = NO;
				ENABLE_STRICT_OBJC_MSGSEND = YES;
				GCC_C_LANGUAGE_STANDARD = gnu99;
				GCC_NO_COMMON_BLOCKS = YES;
				GCC_WARN_64_TO_32_BIT_CONVERSION = YES;
				GCC_WARN_ABOUT_RETURN_TYPE = YES_ERROR;
				GCC_WARN_UNDECLARED_SELECTOR = YES;
				GCC_WARN_UNINITIALIZED_AUTOS = YES_AGGRESSIVE;
				GCC_WARN_UNUSED_FUNCTION = YES;
				GCC_WARN_UNUSED_VARIABLE = YES;
				IPHONEOS_DEPLOYMENT_TARGET = 10.2;
				MTL_ENABLE_DEBUG_INFO = NO;
				SDKROOT = iphoneos;
				SWIFT_OPTIMIZATION_LEVEL = "-Owholemodule";
				VALIDATE_PRODUCT = YES;
			};
			name = Release;
		};
		13B2EC541E5DEF2700E6CDC7 /* Debug */ = {
			isa = XCBuildConfiguration;
			baseConfigurationReference = 7442E1865041C5AD583571CC /* Pods-ambio.debug.xcconfig */;
			buildSettings = {
				ASSETCATALOG_COMPILER_APPICON_NAME = AppIcon;
				DEVELOPMENT_TEAM = 9Z9L4R4J82;
				INFOPLIST_FILE = ambio/Info.plist;
				IPHONEOS_DEPLOYMENT_TARGET = 10.3;
				LD_RUNPATH_SEARCH_PATHS = "$(inherited) @executable_path/Frameworks";
				PRODUCT_BUNDLE_IDENTIFIER = io.chasbrouck.ambio;
				PRODUCT_NAME = "$(TARGET_NAME)";
				SWIFT_VERSION = 3.0;
			};
			name = Debug;
		};
		13B2EC551E5DEF2700E6CDC7 /* Release */ = {
			isa = XCBuildConfiguration;
			baseConfigurationReference = C4E00306F4256531E4A2A505 /* Pods-ambio.release.xcconfig */;
			buildSettings = {
				ASSETCATALOG_COMPILER_APPICON_NAME = AppIcon;
				DEVELOPMENT_TEAM = 9Z9L4R4J82;
				INFOPLIST_FILE = ambio/Info.plist;
				IPHONEOS_DEPLOYMENT_TARGET = 10.3;
				LD_RUNPATH_SEARCH_PATHS = "$(inherited) @executable_path/Frameworks";
				PRODUCT_BUNDLE_IDENTIFIER = io.chasbrouck.ambio;
				PRODUCT_NAME = "$(TARGET_NAME)";
				SWIFT_VERSION = 3.0;
			};
			name = Release;
		};
/* End XCBuildConfiguration section */

/* Begin XCConfigurationList section */
		1374F88B1E95C83E005E4A2A /* Build configuration list for PBXNativeTarget "ambioWatch Extension" */ = {
			isa = XCConfigurationList;
			buildConfigurations = (
				1374F8891E95C83E005E4A2A /* Debug */,
				1374F88A1E95C83E005E4A2A /* Release */,
			);
			defaultConfigurationIsVisible = 0;
			defaultConfigurationName = Release;
		};
		1374F88D1E95C83E005E4A2A /* Build configuration list for PBXNativeTarget "ambioWatch" */ = {
			isa = XCConfigurationList;
			buildConfigurations = (
				1374F8871E95C83E005E4A2A /* Debug */,
				1374F8881E95C83E005E4A2A /* Release */,
			);
			defaultConfigurationIsVisible = 0;
			defaultConfigurationName = Release;
		};
		13B2EC3C1E5DEF2700E6CDC7 /* Build configuration list for PBXProject "ambio" */ = {
			isa = XCConfigurationList;
			buildConfigurations = (
				13B2EC511E5DEF2700E6CDC7 /* Debug */,
				13B2EC521E5DEF2700E6CDC7 /* Release */,
			);
			defaultConfigurationIsVisible = 0;
			defaultConfigurationName = Release;
		};
		13B2EC531E5DEF2700E6CDC7 /* Build configuration list for PBXNativeTarget "ambio" */ = {
			isa = XCConfigurationList;
			buildConfigurations = (
				13B2EC541E5DEF2700E6CDC7 /* Debug */,
				13B2EC551E5DEF2700E6CDC7 /* Release */,
			);
			defaultConfigurationIsVisible = 0;
			defaultConfigurationName = Release;
		};
/* End XCConfigurationList section */
	};
	rootObject = 13B2EC391E5DEF2700E6CDC7 /* Project object */;
}
